// !$*UTF8*$!
{
	archiveVersion = 1;
	classes = {
	};
	objectVersion = 50;
	objects = {

/* Begin PBXBuildFile section */
		B0027FFE25D405CE00B7EA41 /* AppDelegate.swift in Sources */ = {isa = PBXBuildFile; fileRef = B0027FFD25D405CE00B7EA41 /* AppDelegate.swift */; };
		B002800025D405CE00B7EA41 /* SceneDelegate.swift in Sources */ = {isa = PBXBuildFile; fileRef = B0027FFF25D405CE00B7EA41 /* SceneDelegate.swift */; };
		B002800225D405CE00B7EA41 /* ViewController.swift in Sources */ = {isa = PBXBuildFile; fileRef = B002800125D405CE00B7EA41 /* ViewController.swift */; };
		B002800525D405CE00B7EA41 /* Main.storyboard in Resources */ = {isa = PBXBuildFile; fileRef = B002800325D405CE00B7EA41 /* Main.storyboard */; };
		B002800725D405CF00B7EA41 /* Assets.xcassets in Resources */ = {isa = PBXBuildFile; fileRef = B002800625D405CF00B7EA41 /* Assets.xcassets */; };
		B002800A25D405CF00B7EA41 /* LaunchScreen.storyboard in Resources */ = {isa = PBXBuildFile; fileRef = B002800825D405CF00B7EA41 /* LaunchScreen.storyboard */; };
/* End PBXBuildFile section */

/* Begin PBXFileReference section */
		B0027FFA25D405CE00B7EA41 /* ARVideo.app */ = {isa = PBXFileReference; explicitFileType = wrapper.application; includeInIndex = 0; path = ARVideo.app; sourceTree = BUILT_PRODUCTS_DIR; };
		B0027FFD25D405CE00B7EA41 /* AppDelegate.swift */ = {isa = PBXFileReference; lastKnownFileType = sourcecode.swift; path = AppDelegate.swift; sourceTree = "<group>"; };
		B0027FFF25D405CE00B7EA41 /* SceneDelegate.swift */ = {isa = PBXFileReference; lastKnownFileType = sourcecode.swift; path = SceneDelegate.swift; sourceTree = "<group>"; };
		B002800125D405CE00B7EA41 /* ViewController.swift */ = {isa = PBXFileReference; lastKnownFileType = sourcecode.swift; path = ViewController.swift; sourceTree = "<group>"; };
		B002800425D405CE00B7EA41 /* Base */ = {isa = PBXFileReference; lastKnownFileType = file.storyboard; name = Base; path = Base.lproj/Main.storyboard; sourceTree = "<group>"; };
		B002800625D405CF00B7EA41 /* Assets.xcassets */ = {isa = PBXFileReference; lastKnownFileType = folder.assetcatalog; path = Assets.xcassets; sourceTree = "<group>"; };
		B002800925D405CF00B7EA41 /* Base */ = {isa = PBXFileReference; lastKnownFileType = file.storyboard; name = Base; path = Base.lproj/LaunchScreen.storyboard; sourceTree = "<group>"; };
		B002800B25D405CF00B7EA41 /* Info.plist */ = {isa = PBXFileReference; lastKnownFileType = text.plist.xml; path = Info.plist; sourceTree = "<group>"; };
/* End PBXFileReference section */

/* Begin PBXFrameworksBuildPhase section */
		B0027FF725D405CE00B7EA41 /* Frameworks */ = {
			isa = PBXFrameworksBuildPhase;
			buildActionMask = 2147483647;
			files = (
			);
			runOnlyForDeploymentPostprocessing = 0;
		};
/* End PBXFrameworksBuildPhase section */

/* Begin PBXGroup section */
		B0027FF125D405CE00B7EA41 = {
			isa = PBXGroup;
			children = (
				B0027FFC25D405CE00B7EA41 /* ARVideo */,
				B0027FFB25D405CE00B7EA41 /* Products */,
			);
			sourceTree = "<group>";
		};
		B0027FFB25D405CE00B7EA41 /* Products */ = {
			isa = PBXGroup;
			children = (
				B0027FFA25D405CE00B7EA41 /* ARVideo.app */,
			);
			name = Products;
			sourceTree = "<group>";
		};
		B0027FFC25D405CE00B7EA41 /* ARVideo */ = {
			isa = PBXGroup;
			children = (
				B0027FFD25D405CE00B7EA41 /* AppDelegate.swift */,
				B0027FFF25D405CE00B7EA41 /* SceneDelegate.swift */,
				B002800125D405CE00B7EA41 /* ViewController.swift */,
				B002800325D405CE00B7EA41 /* Main.storyboard */,
				B002800625D405CF00B7EA41 /* Assets.xcassets */,
				B002800825D405CF00B7EA41 /* LaunchScreen.storyboard */,
				B002800B25D405CF00B7EA41 /* Info.plist */,
			);
			path = ARVideo;
			sourceTree = "<group>";
		};
/* End PBXGroup section */

/* Begin PBXNativeTarget section */
		B0027FF925D405CE00B7EA41 /* ARVideo */ = {
			isa = PBXNativeTarget;
			buildConfigurationList = B002800E25D405CF00B7EA41 /* Build configuration list for PBXNativeTarget "ARVideo" */;
			buildPhases = (
				B0027FF625D405CE00B7EA41 /* Sources */,
				B0027FF725D405CE00B7EA41 /* Frameworks */,
				B0027FF825D405CE00B7EA41 /* Resources */,
			);
			buildRules = (
			);
			dependencies = (
			);
			name = ARVideo;
			productName = ARVideo;
			productReference = B0027FFA25D405CE00B7EA41 /* ARVideo.app */;
			productType = "com.apple.product-type.application";
		};
/* End PBXNativeTarget section */

/* Begin PBXProject section */
		B0027FF225D405CE00B7EA41 /* Project object */ = {
			isa = PBXProject;
			attributes = {
				LastSwiftUpdateCheck = 1120;
				LastUpgradeCheck = 1120;
				ORGANIZATIONNAME = Mojave;
				TargetAttributes = {
					B0027FF925D405CE00B7EA41 = {
						CreatedOnToolsVersion = 11.2;
					};
				};
			};
			buildConfigurationList = B0027FF525D405CE00B7EA41 /* Build configuration list for PBXProject "ARVideo" */;
			compatibilityVersion = "Xcode 9.3";
			developmentRegion = en;
			hasScannedForEncodings = 0;
			knownRegions = (
				en,
				Base,
			);
			mainGroup = B0027FF125D405CE00B7EA41;
			productRefGroup = B0027FFB25D405CE00B7EA41 /* Products */;
			projectDirPath = "";
			projectRoot = "";
			targets = (
				B0027FF925D405CE00B7EA41 /* ARVideo */,
			);
		};
/* End PBXProject section */

/* Begin PBXResourcesBuildPhase section */
		B0027FF825D405CE00B7EA41 /* Resources */ = {
			isa = PBXResourcesBuildPhase;
			buildActionMask = 2147483647;
			files = (
				B002800A25D405CF00B7EA41 /* LaunchScreen.storyboard in Resources */,
				B002800725D405CF00B7EA41 /* Assets.xcassets in Resources */,
				B002800525D405CE00B7EA41 /* Main.storyboard in Resources */,
			);
			runOnlyForDeploymentPostprocessing = 0;
		};
/* End PBXResourcesBuildPhase section */

/* Begin PBXSourcesBuildPhase section */
		B0027FF625D405CE00B7EA41 /* Sources */ = {
			isa = PBXSourcesBuildPhase;
			buildActionMask = 2147483647;
			files = (
				B002800225D405CE00B7EA41 /* ViewController.swift in Sources */,
				B0027FFE25D405CE00B7EA41 /* AppDelegate.swift in Sources */,
				B002800025D405CE00B7EA41 /* SceneDelegate.swift in Sources */,
			);
			runOnlyForDeploymentPostprocessing = 0;
		};
/* End PBXSourcesBuildPhase section */

/* Begin PBXVariantGroup section */
		B002800325D405CE00B7EA41 /* Main.storyboard */ = {
			isa = PBXVariantGroup;
			children = (
				B002800425D405CE00B7EA41 /* Base */,
			);
			name = Main.storyboard;
			sourceTree = "<group>";
		};
		B002800825D405CF00B7EA41 /* LaunchScreen.storyboard */ = {
			isa = PBXVariantGroup;
			children = (
				B002800925D405CF00B7EA41 /* Base */,
			);
			name = LaunchScreen.storyboard;
			sourceTree = "<group>";
		};
/* End PBXVariantGroup section */

/* Begin XCBuildConfiguration section */
		B002800C25D405CF00B7EA41 /* Debug */ = {
			isa = XCBuildConfiguration;
			buildSettings = {
				ALWAYS_SEARCH_USER_PATHS = NO;
				CLANG_ANALYZER_NONNULL = YES;
				CLANG_ANALYZER_NUMBER_OBJECT_CONVERSION = YES_AGGRESSIVE;
				CLANG_CXX_LANGUAGE_STANDARD = "gnu++14";
				CLANG_CXX_LIBRARY = "libc++";
				CLANG_ENABLE_MODULES = YES;
				CLANG_ENABLE_OBJC_ARC = YES;
				CLANG_ENABLE_OBJC_WEAK = YES;
				CLANG_WARN_BLOCK_CAPTURE_AUTORELEASING = YES;
				CLANG_WARN_BOOL_CONVERSION = YES;
				CLANG_WARN_COMMA = YES;
				CLANG_WARN_CONSTANT_CONVERSION = YES;
				CLANG_WARN_DEPRECATED_OBJC_IMPLEMENTATIONS = YES;
				CLANG_WARN_DIRECT_OBJC_ISA_USAGE = YES_ERROR;
				CLANG_WARN_DOCUMENTATION_COMMENTS = YES;
				CLANG_WARN_EMPTY_BODY = YES;
				CLANG_WARN_ENUM_CONVERSION = YES;
				CLANG_WARN_INFINITE_RECURSION = YES;
				CLANG_WARN_INT_CONVERSION = YES;
				CLANG_WARN_NON_LITERAL_NULL_CONVERSION = YES;
				CLANG_WARN_OBJC_IMPLICIT_RETAIN_SELF = YES;
				CLANG_WARN_OBJC_LITERAL_CONVERSION = YES;
				CLANG_WARN_OBJC_ROOT_CLASS = YES_ERROR;
				CLANG_WARN_RANGE_LOOP_ANALYSIS = YES;
				CLANG_WARN_STRICT_PROTOTYPES = YES;
				CLANG_WARN_SUSPICIOUS_MOVE = YES;
				CLANG_WARN_UNGUARDED_AVAILABILITY = YES_AGGRESSIVE;
				CLANG_WARN_UNREACHABLE_CODE = YES;
				CLANG_WARN__DUPLICATE_METHOD_MATCH = YES;
				COPY_PHASE_STRIP = NO;
				DEBUG_INFORMATION_FORMAT = dwarf;
				ENABLE_STRICT_OBJC_MSGSEND = YES;
				ENABLE_TESTABILITY = YES;
				GCC_C_LANGUAGE_STANDARD = gnu11;
				GCC_DYNAMIC_NO_PIC = NO;
				GCC_NO_COMMON_BLOCKS = YES;
				GCC_OPTIMIZATION_LEVEL = 0;
				GCC_PREPROCESSOR_DEFINITIONS = (
					"DEBUG=1",
					"$(inherited)",
				);
				GCC_WARN_64_TO_32_BIT_CONVERSION = YES;
				GCC_WARN_ABOUT_RETURN_TYPE = YES_ERROR;
				GCC_WARN_UNDECLARED_SELECTOR = YES;
				GCC_WARN_UNINITIALIZED_AUTOS = YES_AGGRESSIVE;
				GCC_WARN_UNUSED_FUNCTION = YES;
				GCC_WARN_UNUSED_VARIABLE = YES;
				IPHONEOS_DEPLOYMENT_TARGET = 13.2;
				MTL_ENABLE_DEBUG_INFO = INCLUDE_SOURCE;
				MTL_FAST_MATH = YES;
				ONLY_ACTIVE_ARCH = YES;
				SDKROOT = iphoneos;
				SWIFT_ACTIVE_COMPILATION_CONDITIONS = DEBUG;
				SWIFT_OPTIMIZATION_LEVEL = "-Onone";
			};
			name = Debug;
		};
		B002800D25D405CF00B7EA41 /* Release */ = {
			isa = XCBuildConfiguration;
			buildSettings = {
				ALWAYS_SEARCH_USER_PATHS = NO;
				CLANG_ANALYZER_NONNULL = YES;
				CLANG_ANALYZER_NUMBER_OBJECT_CONVERSION = YES_AGGRESSIVE;
				CLANG_CXX_LANGUAGE_STANDARD = "gnu++14";
				CLANG_CXX_LIBRARY = "libc++";
				CLANG_ENABLE_MODULES = YES;
				CLANG_ENABLE_OBJC_ARC = YES;
				CLANG_ENABLE_OBJC_WEAK = YES;
				CLANG_WARN_BLOCK_CAPTURE_AUTORELEASING = YES;
				CLANG_WARN_BOOL_CONVERSION = YES;
				CLANG_WARN_COMMA = YES;
				CLANG_WARN_CONSTANT_CONVERSION = YES;
				CLANG_WARN_DEPRECATED_OBJC_IMPLEMENTATIONS = YES;
				CLANG_WARN_DIRECT_OBJC_ISA_USAGE = YES_ERROR;
				CLANG_WARN_DOCUMENTATION_COMMENTS = YES;
				CLANG_WARN_EMPTY_BODY = YES;
				CLANG_WARN_ENUM_CONVERSION = YES;
				CLANG_WARN_INFINITE_RECURSION = YES;
				CLANG_WARN_INT_CONVERSION = YES;
				CLANG_WARN_NON_LITERAL_NULL_CONVERSION = YES;
				CLANG_WARN_OBJC_IMPLICIT_RETAIN_SELF = YES;
				CLANG_WARN_OBJC_LITERAL_CONVERSION = YES;
				CLANG_WARN_OBJC_ROOT_CLASS = YES_ERROR;
				CLANG_WARN_RANGE_LOOP_ANALYSIS = YES;
				CLANG_WARN_STRICT_PROTOTYPES = YES;
				CLANG_WARN_SUSPICIOUS_MOVE = YES;
				CLANG_WARN_UNGUARDED_AVAILABILITY = YES_AGGRESSIVE;
				CLANG_WARN_UNREACHABLE_CODE = YES;
				CLANG_WARN__DUPLICATE_METHOD_MATCH = YES;
				COPY_PHASE_STRIP = NO;
				DEBUG_INFORMATION_FORMAT = "dwarf-with-dsym";
				ENABLE_NS_ASSERTIONS = NO;
				ENABLE_STRICT_OBJC_MSGSEND = YES;
				GCC_C_LANGUAGE_STANDARD = gnu11;
				GCC_NO_COMMON_BLOCKS = YES;
				GCC_WARN_64_TO_32_BIT_CONVERSION = YES;
				GCC_WARN_ABOUT_RETURN_TYPE = YES_ERROR;
				GCC_WARN_UNDECLARED_SELECTOR = YES;
				GCC_WARN_UNINITIALIZED_AUTOS = YES_AGGRESSIVE;
				GCC_WARN_UNUSED_FUNCTION = YES;
				GCC_WARN_UNUSED_VARIABLE = YES;
				IPHONEOS_DEPLOYMENT_TARGET = 13.2;
				MTL_ENABLE_DEBUG_INFO = NO;
				MTL_FAST_MATH = YES;
				SDKROOT = iphoneos;
				SWIFT_COMPILATION_MODE = wholemodule;
				SWIFT_OPTIMIZATION_LEVEL = "-O";
				VALIDATE_PRODUCT = YES;
			};
			name = Release;
		};
		B002800F25D405CF00B7EA41 /* Debug */ = {
			isa = XCBuildConfiguration;
			buildSettings = {
				ASSETCATALOG_COMPILER_APPICON_NAME = AppIcon;
				CODE_SIGN_STYLE = Automatic;
				DEVELOPMENT_TEAM = SA292C878B;
				INFOPLIST_FILE = ARVideo/Info.plist;
				LD_RUNPATH_SEARCH_PATHS = (
					"$(inherited)",
					"@executable_path/Frameworks",
				);
				PRODUCT_BUNDLE_IDENTIFIER = com.MBFang.ARVideo;
				PRODUCT_NAME = "$(TARGET_NAME)";
				SWIFT_VERSION = 5.0;
				TARGETED_DEVICE_FAMILY = "1,2";
			};
			name = Debug;
		};
		B002801025D405CF00B7EA41 /* Release */ = {
			isa = XCBuildConfiguration;
			buildSettings = {
				ASSETCATALOG_COMPILER_APPICON_NAME = AppIcon;
				CODE_SIGN_STYLE = Automatic;
				DEVELOPMENT_TEAM = SA292C878B;
				INFOPLIST_FILE = ARVideo/Info.plist;
				LD_RUNPATH_SEARCH_PATHS = (
					"$(inherited)",
					"@executable_path/Frameworks",
				);
				PRODUCT_BUNDLE_IDENTIFIER = com.MBFang.ARVideo;
				PRODUCT_NAME = "$(TARGET_NAME)";
				SWIFT_VERSION = 5.0;
				TARGETED_DEVICE_FAMILY = "1,2";
			};
			name = Release;
		};
/* End XCBuildConfiguration section */

/* Begin XCConfigurationList section */
		B0027FF525D405CE00B7EA41 /* Build configuration list for PBXProject "ARVideo" */ = {
			isa = XCConfigurationList;
			buildConfigurations = (
				B002800C25D405CF00B7EA41 /* Debug */,
				B002800D25D405CF00B7EA41 /* Release */,
			);
			defaultConfigurationIsVisible = 0;
			defaultConfigurationName = Release;
		};
		B002800E25D405CF00B7EA41 /* Build configuration list for PBXNativeTarget "ARVideo" */ = {
			isa = XCConfigurationList;
			buildConfigurations = (
				B002800F25D405CF00B7EA41 /* Debug */,
				B002801025D405CF00B7EA41 /* Release */,
			);
			defaultConfigurationIsVisible = 0;
			defaultConfigurationName = Release;
		};
/* End XCConfigurationList section */
	};
	rootObject = B0027FF225D405CE00B7EA41 /* Project object */;
}
